
Microsoft Visual Studio Solution File, Format Version 12.00
# Visual Studio 15
VisualStudioVersion = 15.0.26730.16
MinimumVisualStudioVersion = 10.0.40219.1
Project("{FAE04EC0-301F-11D3-BF4B-00C04F79EFBC}") = "ClassroomWeek4ParallelComputation", "ClassroomWeek4ParallelComputation\ClassroomWeek4ParallelComputation.csproj", "{FCAE9193-FE48-44E3-A69A-C32D13D91E83}"
EndProject
Global
	GlobalSection(SolutionConfigurationPlatforms) = preSolution
		Debug|Any CPU = Debug|Any CPU
		Release|Any CPU = Release|Any CPU
	EndGlobalSection
	GlobalSection(ProjectConfigurationPlatforms) = postSolution
		{FCAE9193-FE48-44E3-A69A-C32D13D91E83}.Debug|Any CPU.ActiveCfg = Debug|Any CPU
		{FCAE9193-FE48-44E3-A69A-C32D13D91E83}.Debug|Any CPU.Build.0 = Debug|Any CPU
		{FCAE9193-FE48-44E3-A69A-C32D13D91E83}.Release|Any CPU.ActiveCfg = Release|Any CPU
		{FCAE9193-FE48-44E3-A69A-C32D13D91E83}.Release|Any CPU.Build.0 = Release|Any CPU
	EndGlobalSection
	GlobalSection(SolutionProperties) = preSolution
		HideSolutionNode = FALSE
	EndGlobalSection
	GlobalSection(ExtensibilityGlobals) = postSolution
		SolutionGuid = {7EC061CB-B648-45D5-B401-94A4B89A61C8}
	EndGlobalSection
EndGlobal
