
Microsoft Visual Studio Solution File, Format Version 12.00
# Visual Studio 15
VisualStudioVersion = 15.0.26730.16
MinimumVisualStudioVersion = 10.0.40219.1
Project("{FAE04EC0-301F-11D3-BF4B-00C04F79EFBC}") = "ClassroomWeek4", "ClassroomWeek4\ClassroomWeek4.csproj", "{B689A241-D675-45D4-A3DC-9E85CFAC0482}"
EndProject
Global
	GlobalSection(SolutionConfigurationPlatforms) = preSolution
		Debug|Any CPU = Debug|Any CPU
		Release|Any CPU = Release|Any CPU
	EndGlobalSection
	GlobalSection(ProjectConfigurationPlatforms) = postSolution
		{B689A241-D675-45D4-A3DC-9E85CFAC0482}.Debug|Any CPU.ActiveCfg = Debug|Any CPU
		{B689A241-D675-45D4-A3DC-9E85CFAC0482}.Debug|Any CPU.Build.0 = Debug|Any CPU
		{B689A241-D675-45D4-A3DC-9E85CFAC0482}.Release|Any CPU.ActiveCfg = Release|Any CPU
		{B689A241-D675-45D4-A3DC-9E85CFAC0482}.Release|Any CPU.Build.0 = Release|Any CPU
	EndGlobalSection
	GlobalSection(SolutionProperties) = preSolution
		HideSolutionNode = FALSE
	EndGlobalSection
	GlobalSection(ExtensibilityGlobals) = postSolution
		SolutionGuid = {671138F0-DA0F-4FC7-868D-4E47032212A5}
	EndGlobalSection
EndGlobal
