
Microsoft Visual Studio Solution File, Format Version 12.00
# Visual Studio 15
VisualStudioVersion = 15.0.26730.16
MinimumVisualStudioVersion = 10.0.40219.1
Project("{FAE04EC0-301F-11D3-BF4B-00C04F79EFBC}") = "ClassroomWeek3Ex_Reflection", "ClassroomWeek3Ex_Reflection\ClassroomWeek3Ex_Reflection.csproj", "{A6CAA17E-C523-4D9F-A6AC-EF2ACBF3A415}"
EndProject
Global
	GlobalSection(SolutionConfigurationPlatforms) = preSolution
		Debug|Any CPU = Debug|Any CPU
		Release|Any CPU = Release|Any CPU
	EndGlobalSection
	GlobalSection(ProjectConfigurationPlatforms) = postSolution
		{A6CAA17E-C523-4D9F-A6AC-EF2ACBF3A415}.Debug|Any CPU.ActiveCfg = Debug|Any CPU
		{A6CAA17E-C523-4D9F-A6AC-EF2ACBF3A415}.Debug|Any CPU.Build.0 = Debug|Any CPU
		{A6CAA17E-C523-4D9F-A6AC-EF2ACBF3A415}.Release|Any CPU.ActiveCfg = Release|Any CPU
		{A6CAA17E-C523-4D9F-A6AC-EF2ACBF3A415}.Release|Any CPU.Build.0 = Release|Any CPU
	EndGlobalSection
	GlobalSection(SolutionProperties) = preSolution
		HideSolutionNode = FALSE
	EndGlobalSection
	GlobalSection(ExtensibilityGlobals) = postSolution
		SolutionGuid = {054A62B3-BF98-44EF-BFF7-8317335D89AE}
	EndGlobalSection
EndGlobal
